<?xml version="1.0" encoding="utf-8"?>
<Project xmlns="http://schemas.microsoft.com/developer/msbuild/2003">
  <ItemGroup>
    <Filter Include="Form Files">
      <UniqueIdentifier>{99349809-55BA-4b9d-BF79-8FDBB0286EB3}</UniqueIdentifier>
      <Extensions>ui</Extensions>
      <ParseFiles>false</ParseFiles>
    </Filter>
    <Filter Include="Form Files">
      <UniqueIdentifier>{99349809-55BA-4b9d-BF79-8FDBB0286EB3}</UniqueIdentifier>
      <Extensions>ui</Extensions>
      <ParseFiles>false</ParseFiles>
    </Filter>
    <Filter Include="Generated Files">
      <UniqueIdentifier>{71ED8ED8-ACB9-4CE9-BBE1-E00B30144E11}</UniqueIdentifier>
      <Extensions>cpp;c;cxx;moc;h;def;odl;idl;res;</Extensions>
    </Filter>
    <Filter Include="Generated Files">
      <UniqueIdentifier>{71ED8ED8-ACB9-4CE9-BBE1-E00B30144E11}</UniqueIdentifier>
      <Extensions>cpp;c;cxx;moc;h;def;odl;idl;res;</Extensions>
    </Filter>
    <Filter Include="Header Files">
      <UniqueIdentifier>{93995380-89BD-4b04-88EB-625FBE52EBFB}</UniqueIdentifier>
      <Extensions>h;hpp;hxx;hm;inl;inc;xsd</Extensions>
    </Filter>
    <Filter Include="Header Files">
      <UniqueIdentifier>{93995380-89BD-4b04-88EB-625FBE52EBFB}</UniqueIdentifier>
      <Extensions>h;hpp;hxx;hm;inl;inc;xsd</Extensions>
    </Filter>
    <Filter Include="Resource Files">
      <UniqueIdentifier>{D9D6E242-F8AF-46E4-B9FD-80ECBC20BA3E}</UniqueIdentifier>
      <Extensions>qrc;*</Extensions>
      <ParseFiles>false</ParseFiles>
    </Filter>
    <Filter Include="Resource Files">
      <UniqueIdentifier>{D9D6E242-F8AF-46E4-B9FD-80ECBC20BA3E}</UniqueIdentifier>
      <Extensions>qrc;*</Extensions>
      <ParseFiles>false</ParseFiles>
    </Filter>
    <Filter Include="Source Files">
      <UniqueIdentifier>{4FC737F1-C7A5-4376-A066-2A32D752A2FF}</UniqueIdentifier>
      <Extensions>cpp;c;cxx;def;odl;idl;hpj;bat;asm;asmx</Extensions>
    </Filter>
    <Filter Include="Source Files">
      <UniqueIdentifier>{4FC737F1-C7A5-4376-A066-2A32D752A2FF}</UniqueIdentifier>
      <Extensions>cpp;c;cxx;def;odl;idl;hpj;bat;asm;asmx</Extensions>
    </Filter>
    <Filter Include="Distribution Files">
      <UniqueIdentifier>{B83CAF91-C7BF-462F-B76C-EA11631F866C}</UniqueIdentifier>
      <Extensions>*</Extensions>
      <ParseFiles>false</ParseFiles>
    </Filter>
    <Filter Include="Distribution Files">
      <UniqueIdentifier>{B83CAF91-C7BF-462F-B76C-EA11631F866C}</UniqueIdentifier>
      <Extensions>*</Extensions>
      <ParseFiles>false</ParseFiles>
    </Filter>
  </ItemGroup>
  <ItemGroup>
    <ClCompile Include="chatwidget.cpp">
      <Filter>Source Files</Filter>
    </ClCompile>
    <ClCompile Include="chatwidgets.cpp">
      <Filter>Source Files</Filter>
    </ClCompile>
    <ClCompile Include="client.cpp">
      <Filter>Source Files</Filter>
    </ClCompile>
    <ClCompile Include="groupboxwidget.cpp">
      <Filter>Source Files</Filter>
    </ClCompile>
    <ClCompile Include="groupchatwidget.cpp">
      <Filter>Source Files</Filter>
    </ClCompile>
    <ClCompile Include="groupmemberlist.cpp">
      <Filter>Source Files</Filter>
    </ClCompile>
    <ClCompile Include="loginwidget.cpp">
      <Filter>Source Files</Filter>
    </ClCompile>
    <ClCompile Include="main.cpp">
      <Filter>Source Files</Filter>
    </ClCompile>
    <ClCompile Include="mainwindow.cpp">
      <Filter>Source Files</Filter>
    </ClCompile>
    <ClCompile Include="memberboxwidget.cpp">
      <Filter>Source Files</Filter>
    </ClCompile>
    <ClCompile Include="registerwidget.cpp">
      <Filter>Source Files</Filter>
    </ClCompile>
    <ClCompile Include="..\shared\shared.cpp">
      <Filter>Source Files</Filter>
    </ClCompile>
    <ClCompile Include="userboxwidget.cpp">
      <Filter>Source Files</Filter>
    </ClCompile>
    <ClCompile Include="userlistwidget.cpp">
      <Filter>Source Files</Filter>
    </ClCompile>
  </ItemGroup>
  <ItemGroup>
    <QtMoc Include="chatwidget.h">
      <Filter>Header Files</Filter>
    </QtMoc>
    <QtMoc Include="chatwidgets.h">
      <Filter>Header Files</Filter>
    </QtMoc>
    <QtMoc Include="client.h">
      <Filter>Header Files</Filter>
    </QtMoc>
    <QtMoc Include="groupboxwidget.h">
      <Filter>Header Files</Filter>
    </QtMoc>
    <QtMoc Include="groupchatwidget.h">
      <Filter>Header Files</Filter>
    </QtMoc>
    <QtMoc Include="groupmemberlist.h">
      <Filter>Header Files</Filter>
    </QtMoc>
    <QtMoc Include="loginwidget.h">
      <Filter>Header Files</Filter>
    </QtMoc>
    <QtMoc Include="mainwindow.h">
      <Filter>Header Files</Filter>
    </QtMoc>
    <QtMoc Include="memberboxwidget.h">
      <Filter>Header Files</Filter>
    </QtMoc>
    <QtMoc Include="registerwidget.h">
      <Filter>Header Files</Filter>
    </QtMoc>
    <ClInclude Include="..\shared\shared.h">
      <Filter>Header Files</Filter>
    </ClInclude>
    <QtMoc Include="userboxwidget.h">
      <Filter>Header Files</Filter>
    </QtMoc>
    <QtMoc Include="userlistwidget.h">
      <Filter>Header Files</Filter>
    </QtMoc>
  </ItemGroup>
  <ItemGroup>
    <CustomBuild Include="debug\moc_predefs.h.cbt">
      <Filter>Generated Files</Filter>
    </CustomBuild>
    <CustomBuild Include="release\moc_predefs.h.cbt">
      <Filter>Generated Files</Filter>
    </CustomBuild>
  </ItemGroup>
  <ItemGroup>
    <QtUic Include="chatwidget.ui">
      <Filter>Form Files</Filter>
    </QtUic>
    <QtUic Include="groupboxwidget.ui">
      <Filter>Form Files</Filter>
    </QtUic>
    <QtUic Include="groupchatwidget.ui">
      <Filter>Form Files</Filter>
    </QtUic>
    <QtUic Include="loginwidget.ui">
      <Filter>Form Files</Filter>
    </QtUic>
    <QtUic Include="mainwindow.ui">
      <Filter>Form Files</Filter>
    </QtUic>
    <QtUic Include="memberboxwidget.ui">
      <Filter>Form Files</Filter>
    </QtUic>
    <QtUic Include="registerwidget.ui">
      <Filter>Form Files</Filter>
    </QtUic>
    <QtUic Include="userboxwidget.ui">
      <Filter>Form Files</Filter>
    </QtUic>
    <QtUic Include="userlistwidget.ui">
      <Filter>Form Files</Filter>
    </QtUic>
  </ItemGroup>
  <ItemGroup>
    <None Include="..\shared\icon\ranger.jpg">
      <Filter>Resource Files</Filter>
    </None>
    <QtRcc Include="..\ranger.qrc">
      <Filter>Resource Files</Filter>
    </QtRcc>
    <None Include="..\shared\icon\ranger.jpg" />
  </ItemGroup>
  <ItemGroup>
    <None Include="..\shared\icon\down.svg">
      <Filter>Distribution Files</Filter>
    </None>
    <None Include="..\shared\icon\ranger.jpg">
      <Filter>Distribution Files</Filter>
    </None>
    <None Include="..\shared\icon\right.svg">
      <Filter>Distribution Files</Filter>
    </None>
  </ItemGroup>
</Project>